
Microsoft Visual Studio Solution File, Format Version 12.00
# Visual Studio 14
VisualStudioVersion = 14.0.25420.1
MinimumVisualStudioVersion = 10.0.40219.1
Project("{D954291E-2A0B-460D-934E-DC6B0785DB48}") = "XSqlLiteAppMobile", "XSqlLiteAppMobile\XSqlLiteAppMobile\XSqlLiteAppMobile.shproj", "{9E281810-6567-4064-A045-F738473D3B70}"
EndProject
Project("{FAE04EC0-301F-11D3-BF4B-00C04F79EFBC}") = "XSqlLiteAppMobile.Droid", "XSqlLiteAppMobile\XSqlLiteAppMobile.Droid\XSqlLiteAppMobile.Droid.csproj", "{6E40095F-4B28-4443-BD2D-BE5F12DC2148}"
EndProject
Project("{FAE04EC0-301F-11D3-BF4B-00C04F79EFBC}") = "XSqlLiteAppMobile.iOS", "XSqlLiteAppMobile\XSqlLiteAppMobile.iOS\XSqlLiteAppMobile.iOS.csproj", "{7D0EE37A-47E8-43E1-B623-5D37B0552C72}"
EndProject
Project("{FAE04EC0-301F-11D3-BF4B-00C04F79EFBC}") = "XSqlLiteAppMobile.WinPhone", "XSqlLiteAppMobile\XSqlLiteAppMobile.WinPhone\XSqlLiteAppMobile.WinPhone.csproj", "{F2B94702-8F3E-41E7-935C-111B1C06E089}"
EndProject
Project("{FAE04EC0-301F-11D3-BF4B-00C04F79EFBC}") = "XSqlLiteAppMobile.UWP", "XSqlLiteAppMobile\XSqlLiteAppMobile.UWP\XSqlLiteAppMobile.UWP.csproj", "{1E303B96-4C6E-4C24-BB76-B30768178001}"
EndProject
Project("{FAE04EC0-301F-11D3-BF4B-00C04F79EFBC}") = "XSqlLiteAppMobile.Windows", "XSqlLiteAppMobile\XSqlLiteAppMobile.Windows\XSqlLiteAppMobile.Windows.csproj", "{09F64433-A9A1-41D5-9B20-ACB4904F90E3}"
EndProject
Global
	GlobalSection(SharedMSBuildProjectFiles) = preSolution
		XSqlLiteAppMobile\XSqlLiteAppMobile\XSqlLiteAppMobile.projitems*{09f64433-a9a1-41d5-9b20-acb4904f90e3}*SharedItemsImports = 4
		XSqlLiteAppMobile\XSqlLiteAppMobile\XSqlLiteAppMobile.projitems*{1e303b96-4c6e-4c24-bb76-b30768178001}*SharedItemsImports = 4
		XSqlLiteAppMobile\XSqlLiteAppMobile\XSqlLiteAppMobile.projitems*{6e40095f-4b28-4443-bd2d-be5f12dc2148}*SharedItemsImports = 4
		XSqlLiteAppMobile\XSqlLiteAppMobile\XSqlLiteAppMobile.projitems*{7d0ee37a-47e8-43e1-b623-5d37b0552c72}*SharedItemsImports = 4
		XSqlLiteAppMobile\XSqlLiteAppMobile\XSqlLiteAppMobile.projitems*{9e281810-6567-4064-a045-f738473d3b70}*SharedItemsImports = 13
		XSqlLiteAppMobile\XSqlLiteAppMobile\XSqlLiteAppMobile.projitems*{f2b94702-8f3e-41e7-935c-111b1c06e089}*SharedItemsImports = 4
	EndGlobalSection
	GlobalSection(SolutionConfigurationPlatforms) = preSolution
		Ad-Hoc|Any CPU = Ad-Hoc|Any CPU
		Ad-Hoc|ARM = Ad-Hoc|ARM
		Ad-Hoc|iPhone = Ad-Hoc|iPhone
		Ad-Hoc|iPhoneSimulator = Ad-Hoc|iPhoneSimulator
		Ad-Hoc|x64 = Ad-Hoc|x64
		Ad-Hoc|x86 = Ad-Hoc|x86
		AppStore|Any CPU = AppStore|Any CPU
		AppStore|ARM = AppStore|ARM
		AppStore|iPhone = AppStore|iPhone
		AppStore|iPhoneSimulator = AppStore|iPhoneSimulator
		AppStore|x64 = AppStore|x64
		AppStore|x86 = AppStore|x86
		Debug|Any CPU = Debug|Any CPU
		Debug|ARM = Debug|ARM
		Debug|iPhone = Debug|iPhone
		Debug|iPhoneSimulator = Debug|iPhoneSimulator
		Debug|x64 = Debug|x64
		Debug|x86 = Debug|x86
		Release|Any CPU = Release|Any CPU
		Release|ARM = Release|ARM
		Release|iPhone = Release|iPhone
		Release|iPhoneSimulator = Release|iPhoneSimulator
		Release|x64 = Release|x64
		Release|x86 = Release|x86
	EndGlobalSection
	GlobalSection(ProjectConfigurationPlatforms) = postSolution
		{6E40095F-4B28-4443-BD2D-BE5F12DC2148}.Ad-Hoc|Any CPU.ActiveCfg = Release|Any CPU
		{6E40095F-4B28-4443-BD2D-BE5F12DC2148}.Ad-Hoc|Any CPU.Build.0 = Release|Any CPU
		{6E40095F-4B28-4443-BD2D-BE5F12DC2148}.Ad-Hoc|Any CPU.Deploy.0 = Release|Any CPU
		{6E40095F-4B28-4443-BD2D-BE5F12DC2148}.Ad-Hoc|ARM.ActiveCfg = Release|Any CPU
		{6E40095F-4B28-4443-BD2D-BE5F12DC2148}.Ad-Hoc|ARM.Build.0 = Release|Any CPU
		{6E40095F-4B28-4443-BD2D-BE5F12DC2148}.Ad-Hoc|ARM.Deploy.0 = Release|Any CPU
		{6E40095F-4B28-4443-BD2D-BE5F12DC2148}.Ad-Hoc|iPhone.ActiveCfg = Release|Any CPU
		{6E40095F-4B28-4443-BD2D-BE5F12DC2148}.Ad-Hoc|iPhone.Build.0 = Release|Any CPU
		{6E40095F-4B28-4443-BD2D-BE5F12DC2148}.Ad-Hoc|iPhone.Deploy.0 = Release|Any CPU
		{6E40095F-4B28-4443-BD2D-BE5F12DC2148}.Ad-Hoc|iPhoneSimulator.ActiveCfg = Release|Any CPU
		{6E40095F-4B28-4443-BD2D-BE5F12DC2148}.Ad-Hoc|iPhoneSimulator.Build.0 = Release|Any CPU
		{6E40095F-4B28-4443-BD2D-BE5F12DC2148}.Ad-Hoc|iPhoneSimulator.Deploy.0 = Release|Any CPU
		{6E40095F-4B28-4443-BD2D-BE5F12DC2148}.Ad-Hoc|x64.ActiveCfg = Release|Any CPU
		{6E40095F-4B28-4443-BD2D-BE5F12DC2148}.Ad-Hoc|x64.Build.0 = Release|Any CPU
		{6E40095F-4B28-4443-BD2D-BE5F12DC2148}.Ad-Hoc|x64.Deploy.0 = Release|Any CPU
		{6E40095F-4B28-4443-BD2D-BE5F12DC2148}.Ad-Hoc|x86.ActiveCfg = Release|Any CPU
		{6E40095F-4B28-4443-BD2D-BE5F12DC2148}.Ad-Hoc|x86.Build.0 = Release|Any CPU
		{6E40095F-4B28-4443-BD2D-BE5F12DC2148}.Ad-Hoc|x86.Deploy.0 = Release|Any CPU
		{6E40095F-4B28-4443-BD2D-BE5F12DC2148}.AppStore|Any CPU.ActiveCfg = Release|Any CPU
		{6E40095F-4B28-4443-BD2D-BE5F12DC2148}.AppStore|Any CPU.Build.0 = Release|Any CPU
		{6E40095F-4B28-4443-BD2D-BE5F12DC2148}.AppStore|Any CPU.Deploy.0 = Release|Any CPU
		{6E40095F-4B28-4443-BD2D-BE5F12DC2148}.AppStore|ARM.ActiveCfg = Release|Any CPU
		{6E40095F-4B28-4443-BD2D-BE5F12DC2148}.AppStore|ARM.Build.0 = Release|Any CPU
		{6E40095F-4B28-4443-BD2D-BE5F12DC2148}.AppStore|ARM.Deploy.0 = Release|Any CPU
		{6E40095F-4B28-4443-BD2D-BE5F12DC2148}.AppStore|iPhone.ActiveCfg = Release|Any CPU
		{6E40095F-4B28-4443-BD2D-BE5F12DC2148}.AppStore|iPhone.Build.0 = Release|Any CPU
		{6E40095F-4B28-4443-BD2D-BE5F12DC2148}.AppStore|iPhone.Deploy.0 = Release|Any CPU
		{6E40095F-4B28-4443-BD2D-BE5F12DC2148}.AppStore|iPhoneSimulator.ActiveCfg = Release|Any CPU
		{6E40095F-4B28-4443-BD2D-BE5F12DC2148}.AppStore|iPhoneSimulator.Build.0 = Release|Any CPU
		{6E40095F-4B28-4443-BD2D-BE5F12DC2148}.AppStore|iPhoneSimulator.Deploy.0 = Release|Any CPU
		{6E40095F-4B28-4443-BD2D-BE5F12DC2148}.AppStore|x64.ActiveCfg = Release|Any CPU
		{6E40095F-4B28-4443-BD2D-BE5F12DC2148}.AppStore|x64.Build.0 = Release|Any CPU
		{6E40095F-4B28-4443-BD2D-BE5F12DC2148}.AppStore|x64.Deploy.0 = Release|Any CPU
		{6E40095F-4B28-4443-BD2D-BE5F12DC2148}.AppStore|x86.ActiveCfg = Release|Any CPU
		{6E40095F-4B28-4443-BD2D-BE5F12DC2148}.AppStore|x86.Build.0 = Release|Any CPU
		{6E40095F-4B28-4443-BD2D-BE5F12DC2148}.AppStore|x86.Deploy.0 = Release|Any CPU
		{6E40095F-4B28-4443-BD2D-BE5F12DC2148}.Debug|Any CPU.ActiveCfg = Debug|Any CPU
		{6E40095F-4B28-4443-BD2D-BE5F12DC2148}.Debug|Any CPU.Build.0 = Debug|Any CPU
		{6E40095F-4B28-4443-BD2D-BE5F12DC2148}.Debug|Any CPU.Deploy.0 = Debug|Any CPU
		{6E40095F-4B28-4443-BD2D-BE5F12DC2148}.Debug|ARM.ActiveCfg = Debug|Any CPU
		{6E40095F-4B28-4443-BD2D-BE5F12DC2148}.Debug|ARM.Build.0 = Debug|Any CPU
		{6E40095F-4B28-4443-BD2D-BE5F12DC2148}.Debug|ARM.Deploy.0 = Debug|Any CPU
		{6E40095F-4B28-4443-BD2D-BE5F12DC2148}.Debug|iPhone.ActiveCfg = Debug|Any CPU
		{6E40095F-4B28-4443-BD2D-BE5F12DC2148}.Debug|iPhone.Build.0 = Debug|Any CPU
		{6E40095F-4B28-4443-BD2D-BE5F12DC2148}.Debug|iPhone.Deploy.0 = Debug|Any CPU
		{6E40095F-4B28-4443-BD2D-BE5F12DC2148}.Debug|iPhoneSimulator.ActiveCfg = Debug|Any CPU
		{6E40095F-4B28-4443-BD2D-BE5F12DC2148}.Debug|iPhoneSimulator.Build.0 = Debug|Any CPU
		{6E40095F-4B28-4443-BD2D-BE5F12DC2148}.Debug|iPhoneSimulator.Deploy.0 = Debug|Any CPU
		{6E40095F-4B28-4443-BD2D-BE5F12DC2148}.Debug|x64.ActiveCfg = Debug|Any CPU
		{6E40095F-4B28-4443-BD2D-BE5F12DC2148}.Debug|x64.Build.0 = Debug|Any CPU
		{6E40095F-4B28-4443-BD2D-BE5F12DC2148}.Debug|x64.Deploy.0 = Debug|Any CPU
		{6E40095F-4B28-4443-BD2D-BE5F12DC2148}.Debug|x86.ActiveCfg = Debug|Any CPU
		{6E40095F-4B28-4443-BD2D-BE5F12DC2148}.Debug|x86.Build.0 = Debug|Any CPU
		{6E40095F-4B28-4443-BD2D-BE5F12DC2148}.Debug|x86.Deploy.0 = Debug|Any CPU
		{6E40095F-4B28-4443-BD2D-BE5F12DC2148}.Release|Any CPU.ActiveCfg = Release|Any CPU
		{6E40095F-4B28-4443-BD2D-BE5F12DC2148}.Release|Any CPU.Build.0 = Release|Any CPU
		{6E40095F-4B28-4443-BD2D-BE5F12DC2148}.Release|Any CPU.Deploy.0 = Release|Any CPU
		{6E40095F-4B28-4443-BD2D-BE5F12DC2148}.Release|ARM.ActiveCfg = Release|Any CPU
		{6E40095F-4B28-4443-BD2D-BE5F12DC2148}.Release|ARM.Build.0 = Release|Any CPU
		{6E40095F-4B28-4443-BD2D-BE5F12DC2148}.Release|ARM.Deploy.0 = Release|Any CPU
		{6E40095F-4B28-4443-BD2D-BE5F12DC2148}.Release|iPhone.ActiveCfg = Release|Any CPU
		{6E40095F-4B28-4443-BD2D-BE5F12DC2148}.Release|iPhone.Build.0 = Release|Any CPU
		{6E40095F-4B28-4443-BD2D-BE5F12DC2148}.Release|iPhone.Deploy.0 = Release|Any CPU
		{6E40095F-4B28-4443-BD2D-BE5F12DC2148}.Release|iPhoneSimulator.ActiveCfg = Release|Any CPU
		{6E40095F-4B28-4443-BD2D-BE5F12DC2148}.Release|iPhoneSimulator.Build.0 = Release|Any CPU
		{6E40095F-4B28-4443-BD2D-BE5F12DC2148}.Release|iPhoneSimulator.Deploy.0 = Release|Any CPU
		{6E40095F-4B28-4443-BD2D-BE5F12DC2148}.Release|x64.ActiveCfg = Release|Any CPU
		{6E40095F-4B28-4443-BD2D-BE5F12DC2148}.Release|x64.Build.0 = Release|Any CPU
		{6E40095F-4B28-4443-BD2D-BE5F12DC2148}.Release|x64.Deploy.0 = Release|Any CPU
		{6E40095F-4B28-4443-BD2D-BE5F12DC2148}.Release|x86.ActiveCfg = Release|Any CPU
		{6E40095F-4B28-4443-BD2D-BE5F12DC2148}.Release|x86.Build.0 = Release|Any CPU
		{6E40095F-4B28-4443-BD2D-BE5F12DC2148}.Release|x86.Deploy.0 = Release|Any CPU
		{7D0EE37A-47E8-43E1-B623-5D37B0552C72}.Ad-Hoc|Any CPU.ActiveCfg = Ad-Hoc|iPhone
		{7D0EE37A-47E8-43E1-B623-5D37B0552C72}.Ad-Hoc|ARM.ActiveCfg = Ad-Hoc|iPhone
		{7D0EE37A-47E8-43E1-B623-5D37B0552C72}.Ad-Hoc|iPhone.ActiveCfg = Ad-Hoc|iPhone
		{7D0EE37A-47E8-43E1-B623-5D37B0552C72}.Ad-Hoc|iPhone.Build.0 = Ad-Hoc|iPhone
		{7D0EE37A-47E8-43E1-B623-5D37B0552C72}.Ad-Hoc|iPhoneSimulator.ActiveCfg = Ad-Hoc|iPhoneSimulator
		{7D0EE37A-47E8-43E1-B623-5D37B0552C72}.Ad-Hoc|iPhoneSimulator.Build.0 = Ad-Hoc|iPhoneSimulator
		{7D0EE37A-47E8-43E1-B623-5D37B0552C72}.Ad-Hoc|x64.ActiveCfg = Ad-Hoc|iPhone
		{7D0EE37A-47E8-43E1-B623-5D37B0552C72}.Ad-Hoc|x86.ActiveCfg = Ad-Hoc|iPhone
		{7D0EE37A-47E8-43E1-B623-5D37B0552C72}.AppStore|Any CPU.ActiveCfg = AppStore|iPhone
		{7D0EE37A-47E8-43E1-B623-5D37B0552C72}.AppStore|ARM.ActiveCfg = AppStore|iPhone
		{7D0EE37A-47E8-43E1-B623-5D37B0552C72}.AppStore|iPhone.ActiveCfg = AppStore|iPhone
		{7D0EE37A-47E8-43E1-B623-5D37B0552C72}.AppStore|iPhone.Build.0 = AppStore|iPhone
		{7D0EE37A-47E8-43E1-B623-5D37B0552C72}.AppStore|iPhoneSimulator.ActiveCfg = AppStore|iPhoneSimulator
		{7D0EE37A-47E8-43E1-B623-5D37B0552C72}.AppStore|iPhoneSimulator.Build.0 = AppStore|iPhoneSimulator
		{7D0EE37A-47E8-43E1-B623-5D37B0552C72}.AppStore|x64.ActiveCfg = AppStore|iPhone
		{7D0EE37A-47E8-43E1-B623-5D37B0552C72}.AppStore|x86.ActiveCfg = AppStore|iPhone
		{7D0EE37A-47E8-43E1-B623-5D37B0552C72}.Debug|Any CPU.ActiveCfg = Debug|iPhone
		{7D0EE37A-47E8-43E1-B623-5D37B0552C72}.Debug|ARM.ActiveCfg = Debug|iPhone
		{7D0EE37A-47E8-43E1-B623-5D37B0552C72}.Debug|iPhone.ActiveCfg = Debug|iPhone
		{7D0EE37A-47E8-43E1-B623-5D37B0552C72}.Debug|iPhone.Build.0 = Debug|iPhone
		{7D0EE37A-47E8-43E1-B623-5D37B0552C72}.Debug|iPhoneSimulator.ActiveCfg = Debug|iPhoneSimulator
		{7D0EE37A-47E8-43E1-B623-5D37B0552C72}.Debug|iPhoneSimulator.Build.0 = Debug|iPhoneSimulator
		{7D0EE37A-47E8-43E1-B623-5D37B0552C72}.Debug|x64.ActiveCfg = Debug|iPhone
		{7D0EE37A-47E8-43E1-B623-5D37B0552C72}.Debug|x86.ActiveCfg = Debug|iPhone
		{7D0EE37A-47E8-43E1-B623-5D37B0552C72}.Release|Any CPU.ActiveCfg = Release|iPhone
		{7D0EE37A-47E8-43E1-B623-5D37B0552C72}.Release|ARM.ActiveCfg = Release|iPhone
		{7D0EE37A-47E8-43E1-B623-5D37B0552C72}.Release|iPhone.ActiveCfg = Release|iPhone
		{7D0EE37A-47E8-43E1-B623-5D37B0552C72}.Release|iPhone.Build.0 = Release|iPhone
		{7D0EE37A-47E8-43E1-B623-5D37B0552C72}.Release|iPhoneSimulator.ActiveCfg = Release|iPhoneSimulator
		{7D0EE37A-47E8-43E1-B623-5D37B0552C72}.Release|iPhoneSimulator.Build.0 = Release|iPhoneSimulator
		{7D0EE37A-47E8-43E1-B623-5D37B0552C72}.Release|x64.ActiveCfg = Release|iPhone
		{7D0EE37A-47E8-43E1-B623-5D37B0552C72}.Release|x86.ActiveCfg = Release|iPhone
		{F2B94702-8F3E-41E7-935C-111B1C06E089}.Ad-Hoc|Any CPU.ActiveCfg = Release|Any CPU
		{F2B94702-8F3E-41E7-935C-111B1C06E089}.Ad-Hoc|Any CPU.Build.0 = Release|Any CPU
		{F2B94702-8F3E-41E7-935C-111B1C06E089}.Ad-Hoc|Any CPU.Deploy.0 = Release|Any CPU
		{F2B94702-8F3E-41E7-935C-111B1C06E089}.Ad-Hoc|ARM.ActiveCfg = Release|ARM
		{F2B94702-8F3E-41E7-935C-111B1C06E089}.Ad-Hoc|ARM.Build.0 = Release|ARM
		{F2B94702-8F3E-41E7-935C-111B1C06E089}.Ad-Hoc|ARM.Deploy.0 = Release|ARM
		{F2B94702-8F3E-41E7-935C-111B1C06E089}.Ad-Hoc|iPhone.ActiveCfg = Release|Any CPU
		{F2B94702-8F3E-41E7-935C-111B1C06E089}.Ad-Hoc|iPhone.Build.0 = Release|Any CPU
		{F2B94702-8F3E-41E7-935C-111B1C06E089}.Ad-Hoc|iPhone.Deploy.0 = Release|Any CPU
		{F2B94702-8F3E-41E7-935C-111B1C06E089}.Ad-Hoc|iPhoneSimulator.ActiveCfg = Release|Any CPU
		{F2B94702-8F3E-41E7-935C-111B1C06E089}.Ad-Hoc|iPhoneSimulator.Build.0 = Release|Any CPU
		{F2B94702-8F3E-41E7-935C-111B1C06E089}.Ad-Hoc|iPhoneSimulator.Deploy.0 = Release|Any CPU
		{F2B94702-8F3E-41E7-935C-111B1C06E089}.Ad-Hoc|x64.ActiveCfg = Release|Any CPU
		{F2B94702-8F3E-41E7-935C-111B1C06E089}.Ad-Hoc|x64.Build.0 = Release|Any CPU
		{F2B94702-8F3E-41E7-935C-111B1C06E089}.Ad-Hoc|x64.Deploy.0 = Release|Any CPU
		{F2B94702-8F3E-41E7-935C-111B1C06E089}.Ad-Hoc|x86.ActiveCfg = Release|x86
		{F2B94702-8F3E-41E7-935C-111B1C06E089}.Ad-Hoc|x86.Build.0 = Release|x86
		{F2B94702-8F3E-41E7-935C-111B1C06E089}.Ad-Hoc|x86.Deploy.0 = Release|x86
		{F2B94702-8F3E-41E7-935C-111B1C06E089}.AppStore|Any CPU.ActiveCfg = Release|Any CPU
		{F2B94702-8F3E-41E7-935C-111B1C06E089}.AppStore|Any CPU.Build.0 = Release|Any CPU
		{F2B94702-8F3E-41E7-935C-111B1C06E089}.AppStore|Any CPU.Deploy.0 = Release|Any CPU
		{F2B94702-8F3E-41E7-935C-111B1C06E089}.AppStore|ARM.ActiveCfg = Release|ARM
		{F2B94702-8F3E-41E7-935C-111B1C06E089}.AppStore|ARM.Build.0 = Release|ARM
		{F2B94702-8F3E-41E7-935C-111B1C06E089}.AppStore|ARM.Deploy.0 = Release|ARM
		{F2B94702-8F3E-41E7-935C-111B1C06E089}.AppStore|iPhone.ActiveCfg = Release|Any CPU
		{F2B94702-8F3E-41E7-935C-111B1C06E089}.AppStore|iPhone.Build.0 = Release|Any CPU
		{F2B94702-8F3E-41E7-935C-111B1C06E089}.AppStore|iPhone.Deploy.0 = Release|Any CPU
		{F2B94702-8F3E-41E7-935C-111B1C06E089}.AppStore|iPhoneSimulator.ActiveCfg = Release|Any CPU
		{F2B94702-8F3E-41E7-935C-111B1C06E089}.AppStore|iPhoneSimulator.Build.0 = Release|Any CPU
		{F2B94702-8F3E-41E7-935C-111B1C06E089}.AppStore|iPhoneSimulator.Deploy.0 = Release|Any CPU
		{F2B94702-8F3E-41E7-935C-111B1C06E089}.AppStore|x64.ActiveCfg = Release|Any CPU
		{F2B94702-8F3E-41E7-935C-111B1C06E089}.AppStore|x64.Build.0 = Release|Any CPU
		{F2B94702-8F3E-41E7-935C-111B1C06E089}.AppStore|x64.Deploy.0 = Release|Any CPU
		{F2B94702-8F3E-41E7-935C-111B1C06E089}.AppStore|x86.ActiveCfg = Release|x86
		{F2B94702-8F3E-41E7-935C-111B1C06E089}.AppStore|x86.Build.0 = Release|x86
		{F2B94702-8F3E-41E7-935C-111B1C06E089}.AppStore|x86.Deploy.0 = Release|x86
		{F2B94702-8F3E-41E7-935C-111B1C06E089}.Debug|Any CPU.ActiveCfg = Debug|Any CPU
		{F2B94702-8F3E-41E7-935C-111B1C06E089}.Debug|Any CPU.Build.0 = Debug|Any CPU
		{F2B94702-8F3E-41E7-935C-111B1C06E089}.Debug|Any CPU.Deploy.0 = Debug|Any CPU
		{F2B94702-8F3E-41E7-935C-111B1C06E089}.Debug|ARM.ActiveCfg = Debug|ARM
		{F2B94702-8F3E-41E7-935C-111B1C06E089}.Debug|ARM.Build.0 = Debug|ARM
		{F2B94702-8F3E-41E7-935C-111B1C06E089}.Debug|ARM.Deploy.0 = Debug|ARM
		{F2B94702-8F3E-41E7-935C-111B1C06E089}.Debug|iPhone.ActiveCfg = Debug|Any CPU
		{F2B94702-8F3E-41E7-935C-111B1C06E089}.Debug|iPhone.Build.0 = Debug|Any CPU
		{F2B94702-8F3E-41E7-935C-111B1C06E089}.Debug|iPhone.Deploy.0 = Debug|Any CPU
		{F2B94702-8F3E-41E7-935C-111B1C06E089}.Debug|iPhoneSimulator.ActiveCfg = Debug|Any CPU
		{F2B94702-8F3E-41E7-935C-111B1C06E089}.Debug|iPhoneSimulator.Build.0 = Debug|Any CPU
		{F2B94702-8F3E-41E7-935C-111B1C06E089}.Debug|iPhoneSimulator.Deploy.0 = Debug|Any CPU
		{F2B94702-8F3E-41E7-935C-111B1C06E089}.Debug|x64.ActiveCfg = Debug|Any CPU
		{F2B94702-8F3E-41E7-935C-111B1C06E089}.Debug|x64.Build.0 = Debug|Any CPU
		{F2B94702-8F3E-41E7-935C-111B1C06E089}.Debug|x64.Deploy.0 = Debug|Any CPU
		{F2B94702-8F3E-41E7-935C-111B1C06E089}.Debug|x86.ActiveCfg = Debug|x86
		{F2B94702-8F3E-41E7-935C-111B1C06E089}.Debug|x86.Build.0 = Debug|x86
		{F2B94702-8F3E-41E7-935C-111B1C06E089}.Debug|x86.Deploy.0 = Debug|x86
		{F2B94702-8F3E-41E7-935C-111B1C06E089}.Release|Any CPU.ActiveCfg = Release|Any CPU
		{F2B94702-8F3E-41E7-935C-111B1C06E089}.Release|Any CPU.Build.0 = Release|Any CPU
		{F2B94702-8F3E-41E7-935C-111B1C06E089}.Release|Any CPU.Deploy.0 = Release|Any CPU
		{F2B94702-8F3E-41E7-935C-111B1C06E089}.Release|ARM.ActiveCfg = Release|ARM
		{F2B94702-8F3E-41E7-935C-111B1C06E089}.Release|ARM.Build.0 = Release|ARM
		{F2B94702-8F3E-41E7-935C-111B1C06E089}.Release|ARM.Deploy.0 = Release|ARM
		{F2B94702-8F3E-41E7-935C-111B1C06E089}.Release|iPhone.ActiveCfg = Release|Any CPU
		{F2B94702-8F3E-41E7-935C-111B1C06E089}.Release|iPhone.Build.0 = Release|Any CPU
		{F2B94702-8F3E-41E7-935C-111B1C06E089}.Release|iPhone.Deploy.0 = Release|Any CPU
		{F2B94702-8F3E-41E7-935C-111B1C06E089}.Release|iPhoneSimulator.ActiveCfg = Release|Any CPU
		{F2B94702-8F3E-41E7-935C-111B1C06E089}.Release|iPhoneSimulator.Build.0 = Release|Any CPU
		{F2B94702-8F3E-41E7-935C-111B1C06E089}.Release|iPhoneSimulator.Deploy.0 = Release|Any CPU
		{F2B94702-8F3E-41E7-935C-111B1C06E089}.Release|x64.ActiveCfg = Release|Any CPU
		{F2B94702-8F3E-41E7-935C-111B1C06E089}.Release|x64.Build.0 = Release|Any CPU
		{F2B94702-8F3E-41E7-935C-111B1C06E089}.Release|x64.Deploy.0 = Release|Any CPU
		{F2B94702-8F3E-41E7-935C-111B1C06E089}.Release|x86.ActiveCfg = Release|x86
		{F2B94702-8F3E-41E7-935C-111B1C06E089}.Release|x86.Build.0 = Release|x86
		{F2B94702-8F3E-41E7-935C-111B1C06E089}.Release|x86.Deploy.0 = Release|x86
		{1E303B96-4C6E-4C24-BB76-B30768178001}.Ad-Hoc|Any CPU.ActiveCfg = Release|x86
		{1E303B96-4C6E-4C24-BB76-B30768178001}.Ad-Hoc|Any CPU.Build.0 = Release|x86
		{1E303B96-4C6E-4C24-BB76-B30768178001}.Ad-Hoc|Any CPU.Deploy.0 = Release|x86
		{1E303B96-4C6E-4C24-BB76-B30768178001}.Ad-Hoc|ARM.ActiveCfg = Release|ARM
		{1E303B96-4C6E-4C24-BB76-B30768178001}.Ad-Hoc|ARM.Build.0 = Release|ARM
		{1E303B96-4C6E-4C24-BB76-B30768178001}.Ad-Hoc|ARM.Deploy.0 = Release|ARM
		{1E303B96-4C6E-4C24-BB76-B30768178001}.Ad-Hoc|iPhone.ActiveCfg = Release|x86
		{1E303B96-4C6E-4C24-BB76-B30768178001}.Ad-Hoc|iPhone.Build.0 = Release|x86
		{1E303B96-4C6E-4C24-BB76-B30768178001}.Ad-Hoc|iPhone.Deploy.0 = Release|x86
		{1E303B96-4C6E-4C24-BB76-B30768178001}.Ad-Hoc|iPhoneSimulator.ActiveCfg = Release|x86
		{1E303B96-4C6E-4C24-BB76-B30768178001}.Ad-Hoc|iPhoneSimulator.Build.0 = Release|x86
		{1E303B96-4C6E-4C24-BB76-B30768178001}.Ad-Hoc|iPhoneSimulator.Deploy.0 = Release|x86
		{1E303B96-4C6E-4C24-BB76-B30768178001}.Ad-Hoc|x64.ActiveCfg = Release|x64
		{1E303B96-4C6E-4C24-BB76-B30768178001}.Ad-Hoc|x64.Build.0 = Release|x64
		{1E303B96-4C6E-4C24-BB76-B30768178001}.Ad-Hoc|x64.Deploy.0 = Release|x64
		{1E303B96-4C6E-4C24-BB76-B30768178001}.Ad-Hoc|x86.ActiveCfg = Release|x86
		{1E303B96-4C6E-4C24-BB76-B30768178001}.Ad-Hoc|x86.Build.0 = Release|x86
		{1E303B96-4C6E-4C24-BB76-B30768178001}.Ad-Hoc|x86.Deploy.0 = Release|x86
		{1E303B96-4C6E-4C24-BB76-B30768178001}.AppStore|Any CPU.ActiveCfg = Release|x86
		{1E303B96-4C6E-4C24-BB76-B30768178001}.AppStore|Any CPU.Build.0 = Release|x86
		{1E303B96-4C6E-4C24-BB76-B30768178001}.AppStore|Any CPU.Deploy.0 = Release|x86
		{1E303B96-4C6E-4C24-BB76-B30768178001}.AppStore|ARM.ActiveCfg = Release|ARM
		{1E303B96-4C6E-4C24-BB76-B30768178001}.AppStore|ARM.Build.0 = Release|ARM
		{1E303B96-4C6E-4C24-BB76-B30768178001}.AppStore|ARM.Deploy.0 = Release|ARM
		{1E303B96-4C6E-4C24-BB76-B30768178001}.AppStore|iPhone.ActiveCfg = Release|x86
		{1E303B96-4C6E-4C24-BB76-B30768178001}.AppStore|iPhone.Build.0 = Release|x86
		{1E303B96-4C6E-4C24-BB76-B30768178001}.AppStore|iPhone.Deploy.0 = Release|x86
		{1E303B96-4C6E-4C24-BB76-B30768178001}.AppStore|iPhoneSimulator.ActiveCfg = Release|x86
		{1E303B96-4C6E-4C24-BB76-B30768178001}.AppStore|iPhoneSimulator.Build.0 = Release|x86
		{1E303B96-4C6E-4C24-BB76-B30768178001}.AppStore|iPhoneSimulator.Deploy.0 = Release|x86
		{1E303B96-4C6E-4C24-BB76-B30768178001}.AppStore|x64.ActiveCfg = Release|x64
		{1E303B96-4C6E-4C24-BB76-B30768178001}.AppStore|x64.Build.0 = Release|x64
		{1E303B96-4C6E-4C24-BB76-B30768178001}.AppStore|x64.Deploy.0 = Release|x64
		{1E303B96-4C6E-4C24-BB76-B30768178001}.AppStore|x86.ActiveCfg = Release|x86
		{1E303B96-4C6E-4C24-BB76-B30768178001}.AppStore|x86.Build.0 = Release|x86
		{1E303B96-4C6E-4C24-BB76-B30768178001}.AppStore|x86.Deploy.0 = Release|x86
		{1E303B96-4C6E-4C24-BB76-B30768178001}.Debug|Any CPU.ActiveCfg = Debug|x86
		{1E303B96-4C6E-4C24-BB76-B30768178001}.Debug|Any CPU.Build.0 = Debug|x86
		{1E303B96-4C6E-4C24-BB76-B30768178001}.Debug|Any CPU.Deploy.0 = Debug|x86
		{1E303B96-4C6E-4C24-BB76-B30768178001}.Debug|ARM.ActiveCfg = Debug|ARM
		{1E303B96-4C6E-4C24-BB76-B30768178001}.Debug|ARM.Build.0 = Debug|ARM
		{1E303B96-4C6E-4C24-BB76-B30768178001}.Debug|ARM.Deploy.0 = Debug|ARM
		{1E303B96-4C6E-4C24-BB76-B30768178001}.Debug|iPhone.ActiveCfg = Debug|x86
		{1E303B96-4C6E-4C24-BB76-B30768178001}.Debug|iPhoneSimulator.ActiveCfg = Debug|x86
		{1E303B96-4C6E-4C24-BB76-B30768178001}.Debug|x64.ActiveCfg = Debug|x64
		{1E303B96-4C6E-4C24-BB76-B30768178001}.Debug|x64.Build.0 = Debug|x64
		{1E303B96-4C6E-4C24-BB76-B30768178001}.Debug|x64.Deploy.0 = Debug|x64
		{1E303B96-4C6E-4C24-BB76-B30768178001}.Debug|x86.ActiveCfg = Debug|x86
		{1E303B96-4C6E-4C24-BB76-B30768178001}.Debug|x86.Build.0 = Debug|x86
		{1E303B96-4C6E-4C24-BB76-B30768178001}.Debug|x86.Deploy.0 = Debug|x86
		{1E303B96-4C6E-4C24-BB76-B30768178001}.Release|Any CPU.ActiveCfg = Release|x86
		{1E303B96-4C6E-4C24-BB76-B30768178001}.Release|ARM.ActiveCfg = Release|ARM
		{1E303B96-4C6E-4C24-BB76-B30768178001}.Release|ARM.Build.0 = Release|ARM
		{1E303B96-4C6E-4C24-BB76-B30768178001}.Release|ARM.Deploy.0 = Release|ARM
		{1E303B96-4C6E-4C24-BB76-B30768178001}.Release|iPhone.ActiveCfg = Release|x86
		{1E303B96-4C6E-4C24-BB76-B30768178001}.Release|iPhoneSimulator.ActiveCfg = Release|x86
		{1E303B96-4C6E-4C24-BB76-B30768178001}.Release|x64.ActiveCfg = Release|x64
		{1E303B96-4C6E-4C24-BB76-B30768178001}.Release|x64.Build.0 = Release|x64
		{1E303B96-4C6E-4C24-BB76-B30768178001}.Release|x64.Deploy.0 = Release|x64
		{1E303B96-4C6E-4C24-BB76-B30768178001}.Release|x86.ActiveCfg = Release|x86
		{1E303B96-4C6E-4C24-BB76-B30768178001}.Release|x86.Build.0 = Release|x86
		{1E303B96-4C6E-4C24-BB76-B30768178001}.Release|x86.Deploy.0 = Release|x86
		{09F64433-A9A1-41D5-9B20-ACB4904F90E3}.Ad-Hoc|Any CPU.ActiveCfg = Release|Any CPU
		{09F64433-A9A1-41D5-9B20-ACB4904F90E3}.Ad-Hoc|Any CPU.Build.0 = Release|Any CPU
		{09F64433-A9A1-41D5-9B20-ACB4904F90E3}.Ad-Hoc|Any CPU.Deploy.0 = Release|Any CPU
		{09F64433-A9A1-41D5-9B20-ACB4904F90E3}.Ad-Hoc|ARM.ActiveCfg = Release|ARM
		{09F64433-A9A1-41D5-9B20-ACB4904F90E3}.Ad-Hoc|ARM.Build.0 = Release|ARM
		{09F64433-A9A1-41D5-9B20-ACB4904F90E3}.Ad-Hoc|ARM.Deploy.0 = Release|ARM
		{09F64433-A9A1-41D5-9B20-ACB4904F90E3}.Ad-Hoc|iPhone.ActiveCfg = Release|Any CPU
		{09F64433-A9A1-41D5-9B20-ACB4904F90E3}.Ad-Hoc|iPhone.Build.0 = Release|Any CPU
		{09F64433-A9A1-41D5-9B20-ACB4904F90E3}.Ad-Hoc|iPhone.Deploy.0 = Release|Any CPU
		{09F64433-A9A1-41D5-9B20-ACB4904F90E3}.Ad-Hoc|iPhoneSimulator.ActiveCfg = Release|Any CPU
		{09F64433-A9A1-41D5-9B20-ACB4904F90E3}.Ad-Hoc|iPhoneSimulator.Build.0 = Release|Any CPU
		{09F64433-A9A1-41D5-9B20-ACB4904F90E3}.Ad-Hoc|iPhoneSimulator.Deploy.0 = Release|Any CPU
		{09F64433-A9A1-41D5-9B20-ACB4904F90E3}.Ad-Hoc|x64.ActiveCfg = Release|x64
		{09F64433-A9A1-41D5-9B20-ACB4904F90E3}.Ad-Hoc|x64.Build.0 = Release|x64
		{09F64433-A9A1-41D5-9B20-ACB4904F90E3}.Ad-Hoc|x64.Deploy.0 = Release|x64
		{09F64433-A9A1-41D5-9B20-ACB4904F90E3}.Ad-Hoc|x86.ActiveCfg = Release|x86
		{09F64433-A9A1-41D5-9B20-ACB4904F90E3}.Ad-Hoc|x86.Build.0 = Release|x86
		{09F64433-A9A1-41D5-9B20-ACB4904F90E3}.Ad-Hoc|x86.Deploy.0 = Release|x86
		{09F64433-A9A1-41D5-9B20-ACB4904F90E3}.AppStore|Any CPU.ActiveCfg = Release|Any CPU
		{09F64433-A9A1-41D5-9B20-ACB4904F90E3}.AppStore|Any CPU.Build.0 = Release|Any CPU
		{09F64433-A9A1-41D5-9B20-ACB4904F90E3}.AppStore|Any CPU.Deploy.0 = Release|Any CPU
		{09F64433-A9A1-41D5-9B20-ACB4904F90E3}.AppStore|ARM.ActiveCfg = Release|ARM
		{09F64433-A9A1-41D5-9B20-ACB4904F90E3}.AppStore|ARM.Build.0 = Release|ARM
		{09F64433-A9A1-41D5-9B20-ACB4904F90E3}.AppStore|ARM.Deploy.0 = Release|ARM
		{09F64433-A9A1-41D5-9B20-ACB4904F90E3}.AppStore|iPhone.ActiveCfg = Release|Any CPU
		{09F64433-A9A1-41D5-9B20-ACB4904F90E3}.AppStore|iPhone.Build.0 = Release|Any CPU
		{09F64433-A9A1-41D5-9B20-ACB4904F90E3}.AppStore|iPhone.Deploy.0 = Release|Any CPU
		{09F64433-A9A1-41D5-9B20-ACB4904F90E3}.AppStore|iPhoneSimulator.ActiveCfg = Release|Any CPU
		{09F64433-A9A1-41D5-9B20-ACB4904F90E3}.AppStore|iPhoneSimulator.Build.0 = Release|Any CPU
		{09F64433-A9A1-41D5-9B20-ACB4904F90E3}.AppStore|iPhoneSimulator.Deploy.0 = Release|Any CPU
		{09F64433-A9A1-41D5-9B20-ACB4904F90E3}.AppStore|x64.ActiveCfg = Release|x64
		{09F64433-A9A1-41D5-9B20-ACB4904F90E3}.AppStore|x64.Build.0 = Release|x64
		{09F64433-A9A1-41D5-9B20-ACB4904F90E3}.AppStore|x64.Deploy.0 = Release|x64
		{09F64433-A9A1-41D5-9B20-ACB4904F90E3}.AppStore|x86.ActiveCfg = Release|x86
		{09F64433-A9A1-41D5-9B20-ACB4904F90E3}.AppStore|x86.Build.0 = Release|x86
		{09F64433-A9A1-41D5-9B20-ACB4904F90E3}.AppStore|x86.Deploy.0 = Release|x86
		{09F64433-A9A1-41D5-9B20-ACB4904F90E3}.Debug|Any CPU.ActiveCfg = Debug|Any CPU
		{09F64433-A9A1-41D5-9B20-ACB4904F90E3}.Debug|Any CPU.Build.0 = Debug|Any CPU
		{09F64433-A9A1-41D5-9B20-ACB4904F90E3}.Debug|Any CPU.Deploy.0 = Debug|Any CPU
		{09F64433-A9A1-41D5-9B20-ACB4904F90E3}.Debug|ARM.ActiveCfg = Debug|ARM
		{09F64433-A9A1-41D5-9B20-ACB4904F90E3}.Debug|ARM.Build.0 = Debug|ARM
		{09F64433-A9A1-41D5-9B20-ACB4904F90E3}.Debug|ARM.Deploy.0 = Debug|ARM
		{09F64433-A9A1-41D5-9B20-ACB4904F90E3}.Debug|iPhone.ActiveCfg = Debug|Any CPU
		{09F64433-A9A1-41D5-9B20-ACB4904F90E3}.Debug|iPhone.Build.0 = Debug|Any CPU
		{09F64433-A9A1-41D5-9B20-ACB4904F90E3}.Debug|iPhone.Deploy.0 = Debug|Any CPU
		{09F64433-A9A1-41D5-9B20-ACB4904F90E3}.Debug|iPhoneSimulator.ActiveCfg = Debug|Any CPU
		{09F64433-A9A1-41D5-9B20-ACB4904F90E3}.Debug|iPhoneSimulator.Build.0 = Debug|Any CPU
		{09F64433-A9A1-41D5-9B20-ACB4904F90E3}.Debug|iPhoneSimulator.Deploy.0 = Debug|Any CPU
		{09F64433-A9A1-41D5-9B20-ACB4904F90E3}.Debug|x64.ActiveCfg = Debug|x64
		{09F64433-A9A1-41D5-9B20-ACB4904F90E3}.Debug|x64.Build.0 = Debug|x64
		{09F64433-A9A1-41D5-9B20-ACB4904F90E3}.Debug|x64.Deploy.0 = Debug|x64
		{09F64433-A9A1-41D5-9B20-ACB4904F90E3}.Debug|x86.ActiveCfg = Debug|x86
		{09F64433-A9A1-41D5-9B20-ACB4904F90E3}.Debug|x86.Build.0 = Debug|x86
		{09F64433-A9A1-41D5-9B20-ACB4904F90E3}.Debug|x86.Deploy.0 = Debug|x86
		{09F64433-A9A1-41D5-9B20-ACB4904F90E3}.Release|Any CPU.ActiveCfg = Release|Any CPU
		{09F64433-A9A1-41D5-9B20-ACB4904F90E3}.Release|Any CPU.Build.0 = Release|Any CPU
		{09F64433-A9A1-41D5-9B20-ACB4904F90E3}.Release|Any CPU.Deploy.0 = Release|Any CPU
		{09F64433-A9A1-41D5-9B20-ACB4904F90E3}.Release|ARM.ActiveCfg = Release|ARM
		{09F64433-A9A1-41D5-9B20-ACB4904F90E3}.Release|ARM.Build.0 = Release|ARM
		{09F64433-A9A1-41D5-9B20-ACB4904F90E3}.Release|ARM.Deploy.0 = Release|ARM
		{09F64433-A9A1-41D5-9B20-ACB4904F90E3}.Release|iPhone.ActiveCfg = Release|Any CPU
		{09F64433-A9A1-41D5-9B20-ACB4904F90E3}.Release|iPhone.Build.0 = Release|Any CPU
		{09F64433-A9A1-41D5-9B20-ACB4904F90E3}.Release|iPhone.Deploy.0 = Release|Any CPU
		{09F64433-A9A1-41D5-9B20-ACB4904F90E3}.Release|iPhoneSimulator.ActiveCfg = Release|Any CPU
		{09F64433-A9A1-41D5-9B20-ACB4904F90E3}.Release|iPhoneSimulator.Build.0 = Release|Any CPU
		{09F64433-A9A1-41D5-9B20-ACB4904F90E3}.Release|iPhoneSimulator.Deploy.0 = Release|Any CPU
		{09F64433-A9A1-41D5-9B20-ACB4904F90E3}.Release|x64.ActiveCfg = Release|x64
		{09F64433-A9A1-41D5-9B20-ACB4904F90E3}.Release|x64.Build.0 = Release|x64
		{09F64433-A9A1-41D5-9B20-ACB4904F90E3}.Release|x64.Deploy.0 = Release|x64
		{09F64433-A9A1-41D5-9B20-ACB4904F90E3}.Release|x86.ActiveCfg = Release|x86
		{09F64433-A9A1-41D5-9B20-ACB4904F90E3}.Release|x86.Build.0 = Release|x86
		{09F64433-A9A1-41D5-9B20-ACB4904F90E3}.Release|x86.Deploy.0 = Release|x86
	EndGlobalSection
	GlobalSection(SolutionProperties) = preSolution
		HideSolutionNode = FALSE
	EndGlobalSection
EndGlobal
